
Microsoft Visual Studio Solution File, Format Version 12.00
# Visual Studio Version 17
VisualStudioVersion = 17.8.34309.116
MinimumVisualStudioVersion = 10.0.40219.1
Project("{FAE04EC0-301F-11D3-BF4B-00C04F79EFBC}") = "Api-Flask-07-02-24", "Api-Flask-07-02-24.csproj", "{C29682D2-87C9-4AC2-AD21-EE95E353EDC7}"
EndProject
Global
	GlobalSection(SolutionConfigurationPlatforms) = preSolution
		Debug|Any CPU = Debug|Any CPU
		Release|Any CPU = Release|Any CPU
	EndGlobalSection
	GlobalSection(ProjectConfigurationPlatforms) = postSolution
		{C29682D2-87C9-4AC2-AD21-EE95E353EDC7}.Debug|Any CPU.ActiveCfg = Debug|Any CPU
		{C29682D2-87C9-4AC2-AD21-EE95E353EDC7}.Debug|Any CPU.Build.0 = Debug|Any CPU
		{C29682D2-87C9-4AC2-AD21-EE95E353EDC7}.Release|Any CPU.ActiveCfg = Release|Any CPU
		{C29682D2-87C9-4AC2-AD21-EE95E353EDC7}.Release|Any CPU.Build.0 = Release|Any CPU
	EndGlobalSection
	GlobalSection(SolutionProperties) = preSolution
		HideSolutionNode = FALSE
	EndGlobalSection
	GlobalSection(ExtensibilityGlobals) = postSolution
		SolutionGuid = {7BD67032-D868-46BE-8F87-C276D6145648}
	EndGlobalSection
EndGlobal
